// !$*UTF8*$!
{
	archiveVersion = 1;
	classes = {
	};
	objectVersion = 56;
	objects = {

/* Begin PBXBuildFile section */
		730A2A462C6F64D60095A80A /* NetworkRequest.swift in Sources */ = {isa = PBXBuildFile; fileRef = 730A2A452C6F64D60095A80A /* NetworkRequest.swift */; };
		730A2A482C6F92050095A80A /* Movie.swift in Sources */ = {isa = PBXBuildFile; fileRef = 730A2A472C6F92050095A80A /* Movie.swift */; };
		730A2A4A2C6F95CA0095A80A /* Extensions.swift in Sources */ = {isa = PBXBuildFile; fileRef = 730A2A492C6F95CA0095A80A /* Extensions.swift */; };
		733E9DA72C5FFD870020E153 /* CollectionViewTableViewCell.swift in Sources */ = {isa = PBXBuildFile; fileRef = 733E9DA62C5FFD870020E153 /* CollectionViewTableViewCell.swift */; };
		7343B0902C6A218D00358B25 /* HomeHeaderUIView.swift in Sources */ = {isa = PBXBuildFile; fileRef = 7343B08F2C6A218D00358B25 /* HomeHeaderUIView.swift */; };
		73A5AB132C5D4E63009BAE4E /* AppDelegate.swift in Sources */ = {isa = PBXBuildFile; fileRef = 73A5AB122C5D4E63009BAE4E /* AppDelegate.swift */; };
		73A5AB152C5D4E63009BAE4E /* SceneDelegate.swift in Sources */ = {isa = PBXBuildFile; fileRef = 73A5AB142C5D4E63009BAE4E /* SceneDelegate.swift */; };
		73A5AB172C5D4E63009BAE4E /* BottomTabBarViewController.swift in Sources */ = {isa = PBXBuildFile; fileRef = 73A5AB162C5D4E63009BAE4E /* BottomTabBarViewController.swift */; };
		73A5AB1C2C5D4E68009BAE4E /* Assets.xcassets in Resources */ = {isa = PBXBuildFile; fileRef = 73A5AB1B2C5D4E68009BAE4E /* Assets.xcassets */; };
		73A5AB1F2C5D4E68009BAE4E /* LaunchScreen.storyboard in Resources */ = {isa = PBXBuildFile; fileRef = 73A5AB1D2C5D4E68009BAE4E /* LaunchScreen.storyboard */; };
		73A5AB282C5D5464009BAE4E /* HomeViewController.swift in Sources */ = {isa = PBXBuildFile; fileRef = 73A5AB272C5D5464009BAE4E /* HomeViewController.swift */; };
		73A5AB2A2C5D54B7009BAE4E /* UpcomingViewController.swift in Sources */ = {isa = PBXBuildFile; fileRef = 73A5AB292C5D54B7009BAE4E /* UpcomingViewController.swift */; };
		73A5AB2C2C5D54E8009BAE4E /* SearchViewController.swift in Sources */ = {isa = PBXBuildFile; fileRef = 73A5AB2B2C5D54E8009BAE4E /* SearchViewController.swift */; };
		73A5AB2E2C5D551E009BAE4E /* DownloadsViewController.swift in Sources */ = {isa = PBXBuildFile; fileRef = 73A5AB2D2C5D551E009BAE4E /* DownloadsViewController.swift */; };
/* End PBXBuildFile section */

/* Begin PBXFileReference section */
		730A2A452C6F64D60095A80A /* NetworkRequest.swift */ = {isa = PBXFileReference; lastKnownFileType = sourcecode.swift; path = NetworkRequest.swift; sourceTree = "<group>"; };
		730A2A472C6F92050095A80A /* Movie.swift */ = {isa = PBXFileReference; lastKnownFileType = sourcecode.swift; path = Movie.swift; sourceTree = "<group>"; };
		730A2A492C6F95CA0095A80A /* Extensions.swift */ = {isa = PBXFileReference; lastKnownFileType = sourcecode.swift; path = Extensions.swift; sourceTree = "<group>"; };
		733E9DA62C5FFD870020E153 /* CollectionViewTableViewCell.swift */ = {isa = PBXFileReference; lastKnownFileType = sourcecode.swift; path = CollectionViewTableViewCell.swift; sourceTree = "<group>"; };
		7343B08F2C6A218D00358B25 /* HomeHeaderUIView.swift */ = {isa = PBXFileReference; lastKnownFileType = sourcecode.swift; path = HomeHeaderUIView.swift; sourceTree = "<group>"; };
		73A5AB0F2C5D4E63009BAE4E /* StreamLand.app */ = {isa = PBXFileReference; explicitFileType = wrapper.application; includeInIndex = 0; path = StreamLand.app; sourceTree = BUILT_PRODUCTS_DIR; };
		73A5AB122C5D4E63009BAE4E /* AppDelegate.swift */ = {isa = PBXFileReference; lastKnownFileType = sourcecode.swift; path = AppDelegate.swift; sourceTree = "<group>"; };
		73A5AB142C5D4E63009BAE4E /* SceneDelegate.swift */ = {isa = PBXFileReference; lastKnownFileType = sourcecode.swift; path = SceneDelegate.swift; sourceTree = "<group>"; };
		73A5AB162C5D4E63009BAE4E /* BottomTabBarViewController.swift */ = {isa = PBXFileReference; lastKnownFileType = sourcecode.swift; path = BottomTabBarViewController.swift; sourceTree = "<group>"; };
		73A5AB1B2C5D4E68009BAE4E /* Assets.xcassets */ = {isa = PBXFileReference; lastKnownFileType = folder.assetcatalog; path = Assets.xcassets; sourceTree = "<group>"; };
		73A5AB1E2C5D4E68009BAE4E /* Base */ = {isa = PBXFileReference; lastKnownFileType = file.storyboard; name = Base; path = Base.lproj/LaunchScreen.storyboard; sourceTree = "<group>"; };
		73A5AB202C5D4E68009BAE4E /* Info.plist */ = {isa = PBXFileReference; lastKnownFileType = text.plist.xml; path = Info.plist; sourceTree = "<group>"; };
		73A5AB272C5D5464009BAE4E /* HomeViewController.swift */ = {isa = PBXFileReference; lastKnownFileType = sourcecode.swift; path = HomeViewController.swift; sourceTree = "<group>"; };
		73A5AB292C5D54B7009BAE4E /* UpcomingViewController.swift */ = {isa = PBXFileReference; lastKnownFileType = sourcecode.swift; path = UpcomingViewController.swift; sourceTree = "<group>"; };
		73A5AB2B2C5D54E8009BAE4E /* SearchViewController.swift */ = {isa = PBXFileReference; lastKnownFileType = sourcecode.swift; path = SearchViewController.swift; sourceTree = "<group>"; };
		73A5AB2D2C5D551E009BAE4E /* DownloadsViewController.swift */ = {isa = PBXFileReference; lastKnownFileType = sourcecode.swift; path = DownloadsViewController.swift; sourceTree = "<group>"; };
/* End PBXFileReference section */

/* Begin PBXFrameworksBuildPhase section */
		73A5AB0C2C5D4E63009BAE4E /* Frameworks */ = {
			isa = PBXFrameworksBuildPhase;
			buildActionMask = 2147483647;
			files = (
			);
			runOnlyForDeploymentPostprocessing = 0;
		};
/* End PBXFrameworksBuildPhase section */

/* Begin PBXGroup section */
		733E9DA12C5FFD060020E153 /* Views */ = {
			isa = PBXGroup;
			children = (
				733E9DA62C5FFD870020E153 /* CollectionViewTableViewCell.swift */,
				7343B08F2C6A218D00358B25 /* HomeHeaderUIView.swift */,
			);
			path = Views;
			sourceTree = "<group>";
		};
		733E9DA22C5FFD0C0020E153 /* ViewModels */ = {
			isa = PBXGroup;
			children = (
			);
			path = ViewModels;
			sourceTree = "<group>";
		};
		733E9DA32C5FFD170020E153 /* Models */ = {
			isa = PBXGroup;
			children = (
				730A2A472C6F92050095A80A /* Movie.swift */,
			);
			path = Models;
			sourceTree = "<group>";
		};
		733E9DA42C5FFD3D0020E153 /* Resources */ = {
			isa = PBXGroup;
			children = (
				730A2A492C6F95CA0095A80A /* Extensions.swift */,
			);
			path = Resources;
			sourceTree = "<group>";
		};
		733E9DA52C5FFD510020E153 /* Managers */ = {
			isa = PBXGroup;
			children = (
				730A2A452C6F64D60095A80A /* NetworkRequest.swift */,
			);
			path = Managers;
			sourceTree = "<group>";
		};
		73A5AB062C5D4E63009BAE4E = {
			isa = PBXGroup;
			children = (
				73A5AB112C5D4E63009BAE4E /* StreamLand */,
				73A5AB102C5D4E63009BAE4E /* Products */,
			);
			sourceTree = "<group>";
		};
		73A5AB102C5D4E63009BAE4E /* Products */ = {
			isa = PBXGroup;
			children = (
				73A5AB0F2C5D4E63009BAE4E /* StreamLand.app */,
			);
			name = Products;
			sourceTree = "<group>";
		};
		73A5AB112C5D4E63009BAE4E /* StreamLand */ = {
			isa = PBXGroup;
			children = (
				733E9DA52C5FFD510020E153 /* Managers */,
				733E9DA42C5FFD3D0020E153 /* Resources */,
				733E9DA32C5FFD170020E153 /* Models */,
				733E9DA12C5FFD060020E153 /* Views */,
				733E9DA22C5FFD0C0020E153 /* ViewModels */,
				73A5AB262C5D5375009BAE4E /* Controllers */,
				73A5AB122C5D4E63009BAE4E /* AppDelegate.swift */,
				73A5AB142C5D4E63009BAE4E /* SceneDelegate.swift */,
				73A5AB162C5D4E63009BAE4E /* BottomTabBarViewController.swift */,
				73A5AB1B2C5D4E68009BAE4E /* Assets.xcassets */,
				73A5AB1D2C5D4E68009BAE4E /* LaunchScreen.storyboard */,
				73A5AB202C5D4E68009BAE4E /* Info.plist */,
			);
			path = StreamLand;
			sourceTree = "<group>";
		};
		73A5AB262C5D5375009BAE4E /* Controllers */ = {
			isa = PBXGroup;
			children = (
				73A5AB272C5D5464009BAE4E /* HomeViewController.swift */,
				73A5AB292C5D54B7009BAE4E /* UpcomingViewController.swift */,
				73A5AB2B2C5D54E8009BAE4E /* SearchViewController.swift */,
				73A5AB2D2C5D551E009BAE4E /* DownloadsViewController.swift */,
			);
			path = Controllers;
			sourceTree = "<group>";
		};
/* End PBXGroup section */

/* Begin PBXNativeTarget section */
		73A5AB0E2C5D4E63009BAE4E /* StreamLand */ = {
			isa = PBXNativeTarget;
			buildConfigurationList = 73A5AB232C5D4E68009BAE4E /* Build configuration list for PBXNativeTarget "StreamLand" */;
			buildPhases = (
				73A5AB0B2C5D4E63009BAE4E /* Sources */,
				73A5AB0C2C5D4E63009BAE4E /* Frameworks */,
				73A5AB0D2C5D4E63009BAE4E /* Resources */,
			);
			buildRules = (
			);
			dependencies = (
			);
			name = StreamLand;
			productName = StreamLand;
			productReference = 73A5AB0F2C5D4E63009BAE4E /* StreamLand.app */;
			productType = "com.apple.product-type.application";
		};
/* End PBXNativeTarget section */

/* Begin PBXProject section */
		73A5AB072C5D4E63009BAE4E /* Project object */ = {
			isa = PBXProject;
			attributes = {
				BuildIndependentTargetsInParallel = 1;
				LastSwiftUpdateCheck = 1500;
				LastUpgradeCheck = 1500;
				ORGANIZATIONNAME = "";
				TargetAttributes = {
					73A5AB0E2C5D4E63009BAE4E = {
						CreatedOnToolsVersion = 15.0.1;
					};
				};
			};
			buildConfigurationList = 73A5AB0A2C5D4E63009BAE4E /* Build configuration list for PBXProject "StreamLand" */;
			compatibilityVersion = "Xcode 14.0";
			developmentRegion = en;
			hasScannedForEncodings = 0;
			knownRegions = (
				en,
				Base,
			);
			mainGroup = 73A5AB062C5D4E63009BAE4E;
			productRefGroup = 73A5AB102C5D4E63009BAE4E /* Products */;
			projectDirPath = "";
			projectRoot = "";
			targets = (
				73A5AB0E2C5D4E63009BAE4E /* StreamLand */,
			);
		};
/* End PBXProject section */

/* Begin PBXResourcesBuildPhase section */
		73A5AB0D2C5D4E63009BAE4E /* Resources */ = {
			isa = PBXResourcesBuildPhase;
			buildActionMask = 2147483647;
			files = (
				73A5AB1F2C5D4E68009BAE4E /* LaunchScreen.storyboard in Resources */,
				73A5AB1C2C5D4E68009BAE4E /* Assets.xcassets in Resources */,
			);
			runOnlyForDeploymentPostprocessing = 0;
		};
/* End PBXResourcesBuildPhase section */

/* Begin PBXSourcesBuildPhase section */
		73A5AB0B2C5D4E63009BAE4E /* Sources */ = {
			isa = PBXSourcesBuildPhase;
			buildActionMask = 2147483647;
			files = (
				73A5AB2C2C5D54E8009BAE4E /* SearchViewController.swift in Sources */,
				73A5AB172C5D4E63009BAE4E /* BottomTabBarViewController.swift in Sources */,
				733E9DA72C5FFD870020E153 /* CollectionViewTableViewCell.swift in Sources */,
				73A5AB2E2C5D551E009BAE4E /* DownloadsViewController.swift in Sources */,
				730A2A462C6F64D60095A80A /* NetworkRequest.swift in Sources */,
				73A5AB132C5D4E63009BAE4E /* AppDelegate.swift in Sources */,
				73A5AB152C5D4E63009BAE4E /* SceneDelegate.swift in Sources */,
				730A2A4A2C6F95CA0095A80A /* Extensions.swift in Sources */,
				73A5AB2A2C5D54B7009BAE4E /* UpcomingViewController.swift in Sources */,
				73A5AB282C5D5464009BAE4E /* HomeViewController.swift in Sources */,
				730A2A482C6F92050095A80A /* Movie.swift in Sources */,
				7343B0902C6A218D00358B25 /* HomeHeaderUIView.swift in Sources */,
			);
			runOnlyForDeploymentPostprocessing = 0;
		};
/* End PBXSourcesBuildPhase section */

/* Begin PBXVariantGroup section */
		73A5AB1D2C5D4E68009BAE4E /* LaunchScreen.storyboard */ = {
			isa = PBXVariantGroup;
			children = (
				73A5AB1E2C5D4E68009BAE4E /* Base */,
			);
			name = LaunchScreen.storyboard;
			sourceTree = "<group>";
		};
/* End PBXVariantGroup section */

/* Begin XCBuildConfiguration section */
		73A5AB212C5D4E68009BAE4E /* Debug */ = {
			isa = XCBuildConfiguration;
			buildSettings = {
				ALWAYS_SEARCH_USER_PATHS = NO;
				ASSETCATALOG_COMPILER_GENERATE_SWIFT_ASSET_SYMBOL_EXTENSIONS = YES;
				CLANG_ANALYZER_NONNULL = YES;
				CLANG_ANALYZER_NUMBER_OBJECT_CONVERSION = YES_AGGRESSIVE;
				CLANG_CXX_LANGUAGE_STANDARD = "gnu++20";
				CLANG_ENABLE_MODULES = YES;
				CLANG_ENABLE_OBJC_ARC = YES;
				CLANG_ENABLE_OBJC_WEAK = YES;
				CLANG_WARN_BLOCK_CAPTURE_AUTORELEASING = YES;
				CLANG_WARN_BOOL_CONVERSION = YES;
				CLANG_WARN_COMMA = YES;
				CLANG_WARN_CONSTANT_CONVERSION = YES;
				CLANG_WARN_DEPRECATED_OBJC_IMPLEMENTATIONS = YES;
				CLANG_WARN_DIRECT_OBJC_ISA_USAGE = YES_ERROR;
				CLANG_WARN_DOCUMENTATION_COMMENTS = YES;
				CLANG_WARN_EMPTY_BODY = YES;
				CLANG_WARN_ENUM_CONVERSION = YES;
				CLANG_WARN_INFINITE_RECURSION = YES;
				CLANG_WARN_INT_CONVERSION = YES;
				CLANG_WARN_NON_LITERAL_NULL_CONVERSION = YES;
				CLANG_WARN_OBJC_IMPLICIT_RETAIN_SELF = YES;
				CLANG_WARN_OBJC_LITERAL_CONVERSION = YES;
				CLANG_WARN_OBJC_ROOT_CLASS = YES_ERROR;
				CLANG_WARN_QUOTED_INCLUDE_IN_FRAMEWORK_HEADER = YES;
				CLANG_WARN_RANGE_LOOP_ANALYSIS = YES;
				CLANG_WARN_STRICT_PROTOTYPES = YES;
				CLANG_WARN_SUSPICIOUS_MOVE = YES;
				CLANG_WARN_UNGUARDED_AVAILABILITY = YES_AGGRESSIVE;
				CLANG_WARN_UNREACHABLE_CODE = YES;
				CLANG_WARN__DUPLICATE_METHOD_MATCH = YES;
				COPY_PHASE_STRIP = NO;
				DEBUG_INFORMATION_FORMAT = dwarf;
				ENABLE_STRICT_OBJC_MSGSEND = YES;
				ENABLE_TESTABILITY = YES;
				ENABLE_USER_SCRIPT_SANDBOXING = YES;
				GCC_C_LANGUAGE_STANDARD = gnu17;
				GCC_DYNAMIC_NO_PIC = NO;
				GCC_NO_COMMON_BLOCKS = YES;
				GCC_OPTIMIZATION_LEVEL = 0;
				GCC_PREPROCESSOR_DEFINITIONS = (
					"DEBUG=1",
					"$(inherited)",
				);
				GCC_WARN_64_TO_32_BIT_CONVERSION = YES;
				GCC_WARN_ABOUT_RETURN_TYPE = YES_ERROR;
				GCC_WARN_UNDECLARED_SELECTOR = YES;
				GCC_WARN_UNINITIALIZED_AUTOS = YES_AGGRESSIVE;
				GCC_WARN_UNUSED_FUNCTION = YES;
				GCC_WARN_UNUSED_VARIABLE = YES;
				IPHONEOS_DEPLOYMENT_TARGET = 17.0;
				LOCALIZATION_PREFERS_STRING_CATALOGS = YES;
				MTL_ENABLE_DEBUG_INFO = INCLUDE_SOURCE;
				MTL_FAST_MATH = YES;
				ONLY_ACTIVE_ARCH = YES;
				SDKROOT = iphoneos;
				SWIFT_ACTIVE_COMPILATION_CONDITIONS = "DEBUG $(inherited)";
				SWIFT_OPTIMIZATION_LEVEL = "-Onone";
			};
			name = Debug;
		};
		73A5AB222C5D4E68009BAE4E /* Release */ = {
			isa = XCBuildConfiguration;
			buildSettings = {
				ALWAYS_SEARCH_USER_PATHS = NO;
				ASSETCATALOG_COMPILER_GENERATE_SWIFT_ASSET_SYMBOL_EXTENSIONS = YES;
				CLANG_ANALYZER_NONNULL = YES;
				CLANG_ANALYZER_NUMBER_OBJECT_CONVERSION = YES_AGGRESSIVE;
				CLANG_CXX_LANGUAGE_STANDARD = "gnu++20";
				CLANG_ENABLE_MODULES = YES;
				CLANG_ENABLE_OBJC_ARC = YES;
				CLANG_ENABLE_OBJC_WEAK = YES;
				CLANG_WARN_BLOCK_CAPTURE_AUTORELEASING = YES;
				CLANG_WARN_BOOL_CONVERSION = YES;
				CLANG_WARN_COMMA = YES;
				CLANG_WARN_CONSTANT_CONVERSION = YES;
				CLANG_WARN_DEPRECATED_OBJC_IMPLEMENTATIONS = YES;
				CLANG_WARN_DIRECT_OBJC_ISA_USAGE = YES_ERROR;
				CLANG_WARN_DOCUMENTATION_COMMENTS = YES;
				CLANG_WARN_EMPTY_BODY = YES;
				CLANG_WARN_ENUM_CONVERSION = YES;
				CLANG_WARN_INFINITE_RECURSION = YES;
				CLANG_WARN_INT_CONVERSION = YES;
				CLANG_WARN_NON_LITERAL_NULL_CONVERSION = YES;
				CLANG_WARN_OBJC_IMPLICIT_RETAIN_SELF = YES;
				CLANG_WARN_OBJC_LITERAL_CONVERSION = YES;
				CLANG_WARN_OBJC_ROOT_CLASS = YES_ERROR;
				CLANG_WARN_QUOTED_INCLUDE_IN_FRAMEWORK_HEADER = YES;
				CLANG_WARN_RANGE_LOOP_ANALYSIS = YES;
				CLANG_WARN_STRICT_PROTOTYPES = YES;
				CLANG_WARN_SUSPICIOUS_MOVE = YES;
				CLANG_WARN_UNGUARDED_AVAILABILITY = YES_AGGRESSIVE;
				CLANG_WARN_UNREACHABLE_CODE = YES;
				CLANG_WARN__DUPLICATE_METHOD_MATCH = YES;
				COPY_PHASE_STRIP = NO;
				DEBUG_INFORMATION_FORMAT = "dwarf-with-dsym";
				ENABLE_NS_ASSERTIONS = NO;
				ENABLE_STRICT_OBJC_MSGSEND = YES;
				ENABLE_USER_SCRIPT_SANDBOXING = YES;
				GCC_C_LANGUAGE_STANDARD = gnu17;
				GCC_NO_COMMON_BLOCKS = YES;
				GCC_WARN_64_TO_32_BIT_CONVERSION = YES;
				GCC_WARN_ABOUT_RETURN_TYPE = YES_ERROR;
				GCC_WARN_UNDECLARED_SELECTOR = YES;
				GCC_WARN_UNINITIALIZED_AUTOS = YES_AGGRESSIVE;
				GCC_WARN_UNUSED_FUNCTION = YES;
				GCC_WARN_UNUSED_VARIABLE = YES;
				IPHONEOS_DEPLOYMENT_TARGET = 17.0;
				LOCALIZATION_PREFERS_STRING_CATALOGS = YES;
				MTL_ENABLE_DEBUG_INFO = NO;
				MTL_FAST_MATH = YES;
				SDKROOT = iphoneos;
				SWIFT_COMPILATION_MODE = wholemodule;
				VALIDATE_PRODUCT = YES;
			};
			name = Release;
		};
		73A5AB242C5D4E68009BAE4E /* Debug */ = {
			isa = XCBuildConfiguration;
			buildSettings = {
				ASSETCATALOG_COMPILER_APPICON_NAME = AppIcon;
				ASSETCATALOG_COMPILER_GLOBAL_ACCENT_COLOR_NAME = AccentColor;
				CODE_SIGN_STYLE = Automatic;
				CURRENT_PROJECT_VERSION = 1;
				DEVELOPMENT_TEAM = L2JM98ZP8W;
				GENERATE_INFOPLIST_FILE = YES;
				INFOPLIST_FILE = StreamLand/Info.plist;
				INFOPLIST_KEY_UIApplicationSupportsIndirectInputEvents = YES;
				INFOPLIST_KEY_UILaunchStoryboardName = LaunchScreen;
				INFOPLIST_KEY_UISupportedInterfaceOrientations_iPad = "UIInterfaceOrientationPortrait UIInterfaceOrientationPortraitUpsideDown UIInterfaceOrientationLandscapeLeft UIInterfaceOrientationLandscapeRight";
				INFOPLIST_KEY_UISupportedInterfaceOrientations_iPhone = "UIInterfaceOrientationPortrait UIInterfaceOrientationLandscapeLeft UIInterfaceOrientationLandscapeRight";
				IPHONEOS_DEPLOYMENT_TARGET = 15.0;
				LD_RUNPATH_SEARCH_PATHS = (
					"$(inherited)",
					"@executable_path/Frameworks",
				);
				MARKETING_VERSION = 1.0;
				PRODUCT_BUNDLE_IDENTIFIER = vaibhav.StreamLand;
				PRODUCT_NAME = "$(TARGET_NAME)";
				SWIFT_EMIT_LOC_STRINGS = YES;
				SWIFT_VERSION = 5.0;
				TARGETED_DEVICE_FAMILY = "1,2";
			};
			name = Debug;
		};
		73A5AB252C5D4E68009BAE4E /* Release */ = {
			isa = XCBuildConfiguration;
			buildSettings = {
				ASSETCATALOG_COMPILER_APPICON_NAME = AppIcon;
				ASSETCATALOG_COMPILER_GLOBAL_ACCENT_COLOR_NAME = AccentColor;
				CODE_SIGN_STYLE = Automatic;
				CURRENT_PROJECT_VERSION = 1;
				DEVELOPMENT_TEAM = L2JM98ZP8W;
				GENERATE_INFOPLIST_FILE = YES;
				INFOPLIST_FILE = StreamLand/Info.plist;
				INFOPLIST_KEY_UIApplicationSupportsIndirectInputEvents = YES;
				INFOPLIST_KEY_UILaunchStoryboardName = LaunchScreen;
				INFOPLIST_KEY_UISupportedInterfaceOrientations_iPad = "UIInterfaceOrientationPortrait UIInterfaceOrientationPortraitUpsideDown UIInterfaceOrientationLandscapeLeft UIInterfaceOrientationLandscapeRight";
				INFOPLIST_KEY_UISupportedInterfaceOrientations_iPhone = "UIInterfaceOrientationPortrait UIInterfaceOrientationLandscapeLeft UIInterfaceOrientationLandscapeRight";
				IPHONEOS_DEPLOYMENT_TARGET = 15.0;
				LD_RUNPATH_SEARCH_PATHS = (
					"$(inherited)",
					"@executable_path/Frameworks",
				);
				MARKETING_VERSION = 1.0;
				PRODUCT_BUNDLE_IDENTIFIER = vaibhav.StreamLand;
				PRODUCT_NAME = "$(TARGET_NAME)";
				SWIFT_EMIT_LOC_STRINGS = YES;
				SWIFT_VERSION = 5.0;
				TARGETED_DEVICE_FAMILY = "1,2";
			};
			name = Release;
		};
/* End XCBuildConfiguration section */

/* Begin XCConfigurationList section */
		73A5AB0A2C5D4E63009BAE4E /* Build configuration list for PBXProject "StreamLand" */ = {
			isa = XCConfigurationList;
			buildConfigurations = (
				73A5AB212C5D4E68009BAE4E /* Debug */,
				73A5AB222C5D4E68009BAE4E /* Release */,
			);
			defaultConfigurationIsVisible = 0;
			defaultConfigurationName = Release;
		};
		73A5AB232C5D4E68009BAE4E /* Build configuration list for PBXNativeTarget "StreamLand" */ = {
			isa = XCConfigurationList;
			buildConfigurations = (
				73A5AB242C5D4E68009BAE4E /* Debug */,
				73A5AB252C5D4E68009BAE4E /* Release */,
			);
			defaultConfigurationIsVisible = 0;
			defaultConfigurationName = Release;
		};
/* End XCConfigurationList section */
	};
	rootObject = 73A5AB072C5D4E63009BAE4E /* Project object */;
}
